
Microsoft Visual Studio Solution File, Format Version 12.00
# Visual Studio Version 17
VisualStudioVersion = 17.11.35219.272
MinimumVisualStudioVersion = 10.0.40219.1
Project("{FAE04EC0-301F-11D3-BF4B-00C04F79EFBC}") = "ConsoleApp19", "ConsoleApp19.csproj", "{02912467-E670-43C9-AF20-E10F19C3A5B4}"
EndProject
Global
	GlobalSection(SolutionConfigurationPlatforms) = preSolution
		Debug|Any CPU = Debug|Any CPU
		Release|Any CPU = Release|Any CPU
	EndGlobalSection
	GlobalSection(ProjectConfigurationPlatforms) = postSolution
		{02912467-E670-43C9-AF20-E10F19C3A5B4}.Debug|Any CPU.ActiveCfg = Debug|Any CPU
		{02912467-E670-43C9-AF20-E10F19C3A5B4}.Debug|Any CPU.Build.0 = Debug|Any CPU
		{02912467-E670-43C9-AF20-E10F19C3A5B4}.Release|Any CPU.ActiveCfg = Release|Any CPU
		{02912467-E670-43C9-AF20-E10F19C3A5B4}.Release|Any CPU.Build.0 = Release|Any CPU
	EndGlobalSection
	GlobalSection(SolutionProperties) = preSolution
		HideSolutionNode = FALSE
	EndGlobalSection
	GlobalSection(ExtensibilityGlobals) = postSolution
		SolutionGuid = {2AA2FB56-CF28-4A40-8BEA-3ECF2A544223}
	EndGlobalSection
EndGlobal
