Microsoft Visual Studio Solution File, Format Version 12.00
# Visual Studio Version 17
VisualStudioVersion = 17.5.2.0
MinimumVisualStudioVersion = 10.0.40219.1
Project("{FAE04EC0-301F-11D3-BF4B-00C04F79EFBC}") = "zaripov580", "zaripov580.csproj", "{E15BDACE-3A60-0769-21F1-BEE4C2692ADD}"
EndProject
Global
	GlobalSection(SolutionConfigurationPlatforms) = preSolution
		Debug|Any CPU = Debug|Any CPU
		Release|Any CPU = Release|Any CPU
	EndGlobalSection
	GlobalSection(ProjectConfigurationPlatforms) = postSolution
		{E15BDACE-3A60-0769-21F1-BEE4C2692ADD}.Debug|Any CPU.ActiveCfg = Debug|Any CPU
		{E15BDACE-3A60-0769-21F1-BEE4C2692ADD}.Debug|Any CPU.Build.0 = Debug|Any CPU
		{E15BDACE-3A60-0769-21F1-BEE4C2692ADD}.Release|Any CPU.ActiveCfg = Release|Any CPU
		{E15BDACE-3A60-0769-21F1-BEE4C2692ADD}.Release|Any CPU.Build.0 = Release|Any CPU
	EndGlobalSection
	GlobalSection(SolutionProperties) = preSolution
		HideSolutionNode = FALSE
	EndGlobalSection
	GlobalSection(ExtensibilityGlobals) = postSolution
		SolutionGuid = {AC52ADF0-9692-413E-A884-526B38FF1797}
	EndGlobalSection
EndGlobal
