
Microsoft Visual Studio Solution File, Format Version 12.00
# Visual Studio Version 17
VisualStudioVersion = 17.14.36616.10 d17.14
MinimumVisualStudioVersion = 10.0.40219.1
Project("{FAE04EC0-301F-11D3-BF4B-00C04F79EFBC}") = "WindowsFormsApp2_zaripov122", "WindowsFormsApp2_zaripov122\WindowsFormsApp2_zaripov122.csproj", "{2CEA7E6A-2AC9-43B0-BCFB-CC3F340473D1}"
EndProject
Global
	GlobalSection(SolutionConfigurationPlatforms) = preSolution
		Debug|Any CPU = Debug|Any CPU
		Release|Any CPU = Release|Any CPU
	EndGlobalSection
	GlobalSection(ProjectConfigurationPlatforms) = postSolution
		{2CEA7E6A-2AC9-43B0-BCFB-CC3F340473D1}.Debug|Any CPU.ActiveCfg = Debug|Any CPU
		{2CEA7E6A-2AC9-43B0-BCFB-CC3F340473D1}.Debug|Any CPU.Build.0 = Debug|Any CPU
		{2CEA7E6A-2AC9-43B0-BCFB-CC3F340473D1}.Release|Any CPU.ActiveCfg = Release|Any CPU
		{2CEA7E6A-2AC9-43B0-BCFB-CC3F340473D1}.Release|Any CPU.Build.0 = Release|Any CPU
	EndGlobalSection
	GlobalSection(SolutionProperties) = preSolution
		HideSolutionNode = FALSE
	EndGlobalSection
	GlobalSection(ExtensibilityGlobals) = postSolution
		SolutionGuid = {E8D3D67E-1974-4C80-A6F8-BCD35C5F1888}
	EndGlobalSection
EndGlobal
