Microsoft Visual Studio Solution File, Format Version 12.00
# Visual Studio Version 17
VisualStudioVersion = 17.5.2.0
MinimumVisualStudioVersion = 10.0.40219.1
Project("{FAE04EC0-301F-11D3-BF4B-00C04F79EFBC}") = "zaripov668", "zaripov668.csproj", "{82803C81-16E1-38E1-A711-86BC2074B484}"
EndProject
Global
	GlobalSection(SolutionConfigurationPlatforms) = preSolution
		Debug|Any CPU = Debug|Any CPU
		Release|Any CPU = Release|Any CPU
	EndGlobalSection
	GlobalSection(ProjectConfigurationPlatforms) = postSolution
		{82803C81-16E1-38E1-A711-86BC2074B484}.Debug|Any CPU.ActiveCfg = Debug|Any CPU
		{82803C81-16E1-38E1-A711-86BC2074B484}.Debug|Any CPU.Build.0 = Debug|Any CPU
		{82803C81-16E1-38E1-A711-86BC2074B484}.Release|Any CPU.ActiveCfg = Release|Any CPU
		{82803C81-16E1-38E1-A711-86BC2074B484}.Release|Any CPU.Build.0 = Release|Any CPU
	EndGlobalSection
	GlobalSection(SolutionProperties) = preSolution
		HideSolutionNode = FALSE
	EndGlobalSection
	GlobalSection(ExtensibilityGlobals) = postSolution
		SolutionGuid = {65963F6B-3E9F-40E5-B189-5E95129A7BE7}
	EndGlobalSection
EndGlobal
