Microsoft Visual Studio Solution File, Format Version 12.00
# Visual Studio Version 17
VisualStudioVersion = 17.5.2.0
MinimumVisualStudioVersion = 10.0.40219.1
Project("{FAE04EC0-301F-11D3-BF4B-00C04F79EFBC}") = "zaripov569", "zaripov569.csproj", "{24AA7AB2-09CE-9D98-67C5-BC14C3989D27}"
EndProject
Global
	GlobalSection(SolutionConfigurationPlatforms) = preSolution
		Debug|Any CPU = Debug|Any CPU
		Release|Any CPU = Release|Any CPU
	EndGlobalSection
	GlobalSection(ProjectConfigurationPlatforms) = postSolution
		{24AA7AB2-09CE-9D98-67C5-BC14C3989D27}.Debug|Any CPU.ActiveCfg = Debug|Any CPU
		{24AA7AB2-09CE-9D98-67C5-BC14C3989D27}.Debug|Any CPU.Build.0 = Debug|Any CPU
		{24AA7AB2-09CE-9D98-67C5-BC14C3989D27}.Release|Any CPU.ActiveCfg = Release|Any CPU
		{24AA7AB2-09CE-9D98-67C5-BC14C3989D27}.Release|Any CPU.Build.0 = Release|Any CPU
	EndGlobalSection
	GlobalSection(SolutionProperties) = preSolution
		HideSolutionNode = FALSE
	EndGlobalSection
	GlobalSection(ExtensibilityGlobals) = postSolution
		SolutionGuid = {86222B4C-A2A3-4D7F-95E4-4F42D4E3695F}
	EndGlobalSection
EndGlobal
