Microsoft Visual Studio Solution File, Format Version 12.00
# Visual Studio Version 17
VisualStudioVersion = 17.5.2.0
MinimumVisualStudioVersion = 10.0.40219.1
Project("{FAE04EC0-301F-11D3-BF4B-00C04F79EFBC}") = "zaripov760", "zaripov760.csproj", "{7B2008E2-7885-C655-7799-6BBC1286C867}"
EndProject
Global
	GlobalSection(SolutionConfigurationPlatforms) = preSolution
		Debug|Any CPU = Debug|Any CPU
		Release|Any CPU = Release|Any CPU
	EndGlobalSection
	GlobalSection(ProjectConfigurationPlatforms) = postSolution
		{7B2008E2-7885-C655-7799-6BBC1286C867}.Debug|Any CPU.ActiveCfg = Debug|Any CPU
		{7B2008E2-7885-C655-7799-6BBC1286C867}.Debug|Any CPU.Build.0 = Debug|Any CPU
		{7B2008E2-7885-C655-7799-6BBC1286C867}.Release|Any CPU.ActiveCfg = Release|Any CPU
		{7B2008E2-7885-C655-7799-6BBC1286C867}.Release|Any CPU.Build.0 = Release|Any CPU
	EndGlobalSection
	GlobalSection(SolutionProperties) = preSolution
		HideSolutionNode = FALSE
	EndGlobalSection
	GlobalSection(ExtensibilityGlobals) = postSolution
		SolutionGuid = {8019107E-8B73-4695-83C0-0582D8D92C0C}
	EndGlobalSection
EndGlobal
